<?xml version="1.0" encoding="utf-8"?>
<Project ToolsVersion="4.0" xmlns="http://schemas.microsoft.com/developer/msbuild/2003">
  <ItemGroup>
    <Filter Include="Source Files">
      <UniqueIdentifier>{4FC737F1-C7A5-4376-A066-2A32D752A2FF}</UniqueIdentifier>
      <Extensions>cpp;c;cc;cxx;c++;cppm;ixx;def;odl;idl;hpj;bat;asm;asmx</Extensions>
    </Filter>
    <Filter Include="Header Files">
      <UniqueIdentifier>{93995380-89BD-4b04-88EB-625FBE52EBFB}</UniqueIdentifier>
      <Extensions>h;hh;hpp;hxx;h++;hm;inl;inc;ipp;xsd</Extensions>
    </Filter>
    <Filter Include="Resource Files">
      <UniqueIdentifier>{67DA6AB6-F800-4c08-8B7A-83BB121AAD01}</UniqueIdentifier>
      <Extensions>rc;ico;cur;bmp;dlg;rc2;rct;bin;rgs;gif;jpg;jpeg;jpe;resx;tiff;tif;png;wav;mfcribbon-ms</Extensions>
    </Filter>
    <Filter Include="Header Files\Engine">
      <UniqueIdentifier>{3a3b4663-0e00-4173-8656-b2b8b826fce0}</UniqueIdentifier>
    </Filter>
    <Filter Include="Header Files\Utility">
      <UniqueIdentifier>{516fa9c4-64f4-44b7-9783-760a3eb79fa7}</UniqueIdentifier>
    </Filter>
    <Filter Include="Header Files\Engine\Direct2D">
      <UniqueIdentifier>{d0f628f2-b0b6-4b72-b259-9ad45dd15b25}</UniqueIdentifier>
    </Filter>
    <Filter Include="Source Files\Engine">
      <UniqueIdentifier>{b13efcc1-4200-447e-85f2-0faae6ff59f0}</UniqueIdentifier>
    </Filter>
    <Filter Include="Source Files\Engine\Direct2D">
      <UniqueIdentifier>{5627e6df-ac2c-48a9-a5ee-a2dfa264e906}</UniqueIdentifier>
    </Filter>
    <Filter Include="Source Files\Utility">
      <UniqueIdentifier>{ff3b574d-17ce-4419-9a99-16d5cb27d39b}</UniqueIdentifier>
    </Filter>
  </ItemGroup>
  <ItemGroup>
    <ClCompile Include="Engine\EngineFactory.cpp">
      <Filter>Source Files</Filter>
    </ClCompile>
    <ClCompile Include="Engine\Direct2D\Direct2dEngine.cpp">
      <Filter>Source Files\Engine\Direct2D</Filter>
    </ClCompile>
    <ClCompile Include="Engine\Direct2D\Direct2dColour.cpp">
      <Filter>Source Files\Engine\Direct2D</Filter>
    </ClCompile>
    <ClCompile Include="Utility\Direct2dUtility.cpp">
      <Filter>Source Files\Utility</Filter>
    </ClCompile>
  </ItemGroup>
  <ItemGroup>
    <ClInclude Include="Macros.h">
      <Filter>Header Files</Filter>
    </ClInclude>
    <ClInclude Include="Engine\Direct2D\Direct2dColour.h">
      <Filter>Header Files\Engine\Direct2D</Filter>
    </ClInclude>
    <ClInclude Include="Engine\Direct2D\Direct2dEngine.h">
      <Filter>Header Files\Engine\Direct2D</Filter>
    </ClInclude>
    <ClInclude Include="Utility\Direct2dUtility.h">
      <Filter>Header Files\Utility</Filter>
    </ClInclude>
    <ClInclude Include="Engine\Colour.h">
      <Filter>Header Files\Engine</Filter>
    </ClInclude>
    <ClInclude Include="Engine\Coordinate2d.h">
      <Filter>Header Files\Engine</Filter>
    </ClInclude>
    <ClInclude Include="Engine\IDrawable.h">
      <Filter>Header Files\Engine</Filter>
    </ClInclude>
    <ClInclude Include="Engine\IEngine.h">
      <Filter>Header Files\Engine</Filter>
    </ClInclude>
    <ClInclude Include="Engine\IRender.h">
      <Filter>Header Files\Engine</Filter>
    </ClInclude>
    <ClInclude Include="Engine\Size.h">
      <Filter>Header Files\Engine</Filter>
    </ClInclude>
    <ClInclude Include="Engine\TextAlignment.h">
      <Filter>Header Files\Engine</Filter>
    </ClInclude>
    <ClInclude Include="Engine\EngineFactory.h">
      <Filter>Header Files</Filter>
    </ClInclude>
  </ItemGroup>
</Project>