
Microsoft Visual Studio Solution File, Format Version 12.00
# Visual Studio Version 17
VisualStudioVersion = 17.0.31912.275
MinimumVisualStudioVersion = 10.0.40219.1
Project("{9A19103F-16F7-4668-BE54-9A1E7A4F7556}") = "CubeApp", "CubeApp\CubeApp.csproj", "{7D135A5B-72FF-4084-86C9-5E262BE3FF1D}"
EndProject
Project("{8BC9CEB8-8B4A-11D0-8D11-00A0C91BC942}") = "GameClient", "GameClient\GameClient.vcxproj", "{E20F5C2F-DBA5-4030-A2A9-293B7804ED78}"
EndProject
Project("{2150E333-8FDC-42A3-9474-1A3956D46DE8}") = "Solution Items", "Solution Items", "{E60889FC-EF2B-4321-B1E2-E57F15B32B38}"
	ProjectSection(SolutionItems) = preProject
		.editorconfig = .editorconfig
	EndProjectSection
EndProject
Global
	GlobalSection(SolutionConfigurationPlatforms) = preSolution
		Debug|Any CPU = Debug|Any CPU
		Debug|x64 = Debug|x64
		Debug|x86 = Debug|x86
		Release|Any CPU = Release|Any CPU
		Release|x64 = Release|x64
		Release|x86 = Release|x86
	EndGlobalSection
	GlobalSection(ProjectConfigurationPlatforms) = postSolution
		{7D135A5B-72FF-4084-86C9-5E262BE3FF1D}.Debug|Any CPU.ActiveCfg = Debug|Any CPU
		{7D135A5B-72FF-4084-86C9-5E262BE3FF1D}.Debug|Any CPU.Build.0 = Debug|Any CPU
		{7D135A5B-72FF-4084-86C9-5E262BE3FF1D}.Debug|x64.ActiveCfg = Debug|Any CPU
		{7D135A5B-72FF-4084-86C9-5E262BE3FF1D}.Debug|x64.Build.0 = Debug|Any CPU
		{7D135A5B-72FF-4084-86C9-5E262BE3FF1D}.Debug|x86.ActiveCfg = Debug|Any CPU
		{7D135A5B-72FF-4084-86C9-5E262BE3FF1D}.Debug|x86.Build.0 = Debug|Any CPU
		{7D135A5B-72FF-4084-86C9-5E262BE3FF1D}.Release|Any CPU.ActiveCfg = Release|Any CPU
		{7D135A5B-72FF-4084-86C9-5E262BE3FF1D}.Release|Any CPU.Build.0 = Release|Any CPU
		{7D135A5B-72FF-4084-86C9-5E262BE3FF1D}.Release|x64.ActiveCfg = Release|Any CPU
		{7D135A5B-72FF-4084-86C9-5E262BE3FF1D}.Release|x64.Build.0 = Release|Any CPU
		{7D135A5B-72FF-4084-86C9-5E262BE3FF1D}.Release|x86.ActiveCfg = Release|Any CPU
		{7D135A5B-72FF-4084-86C9-5E262BE3FF1D}.Release|x86.Build.0 = Release|Any CPU
		{E20F5C2F-DBA5-4030-A2A9-293B7804ED78}.Debug|Any CPU.ActiveCfg = Debug|x64
		{E20F5C2F-DBA5-4030-A2A9-293B7804ED78}.Debug|Any CPU.Build.0 = Debug|x64
		{E20F5C2F-DBA5-4030-A2A9-293B7804ED78}.Debug|x64.ActiveCfg = Debug|x64
		{E20F5C2F-DBA5-4030-A2A9-293B7804ED78}.Debug|x64.Build.0 = Debug|x64
		{E20F5C2F-DBA5-4030-A2A9-293B7804ED78}.Debug|x86.ActiveCfg = Debug|Win32
		{E20F5C2F-DBA5-4030-A2A9-293B7804ED78}.Debug|x86.Build.0 = Debug|Win32
		{E20F5C2F-DBA5-4030-A2A9-293B7804ED78}.Release|Any CPU.ActiveCfg = Release|x64
		{E20F5C2F-DBA5-4030-A2A9-293B7804ED78}.Release|Any CPU.Build.0 = Release|x64
		{E20F5C2F-DBA5-4030-A2A9-293B7804ED78}.Release|x64.ActiveCfg = Release|x64
		{E20F5C2F-DBA5-4030-A2A9-293B7804ED78}.Release|x64.Build.0 = Release|x64
		{E20F5C2F-DBA5-4030-A2A9-293B7804ED78}.Release|x86.ActiveCfg = Release|Win32
		{E20F5C2F-DBA5-4030-A2A9-293B7804ED78}.Release|x86.Build.0 = Release|Win32
	EndGlobalSection
	GlobalSection(SolutionProperties) = preSolution
		HideSolutionNode = FALSE
	EndGlobalSection
	GlobalSection(ExtensibilityGlobals) = postSolution
		SolutionGuid = {7FBD7028-5D96-4360-9CA5-56244CD228DE}
	EndGlobalSection
EndGlobal
